
Microsoft Visual Studio Solution File, Format Version 12.00
# Visual Studio Version 17
VisualStudioVersion = 17.4.33205.214
MinimumVisualStudioVersion = 10.0.40219.1
Project("{FAE04EC0-301F-11D3-BF4B-00C04F79EFBC}") = "MvcAuth", "MvcAuth\MvcAuth.csproj", "{F94C4787-BDF5-45E7-B450-EADC943E153F}"
EndProject
Global
	GlobalSection(SolutionConfigurationPlatforms) = preSolution
		Debug|Any CPU = Debug|Any CPU
		Release|Any CPU = Release|Any CPU
	EndGlobalSection
	GlobalSection(ProjectConfigurationPlatforms) = postSolution
		{F94C4787-BDF5-45E7-B450-EADC943E153F}.Debug|Any CPU.ActiveCfg = Debug|Any CPU
		{F94C4787-BDF5-45E7-B450-EADC943E153F}.Debug|Any CPU.Build.0 = Debug|Any CPU
		{F94C4787-BDF5-45E7-B450-EADC943E153F}.Release|Any CPU.ActiveCfg = Release|Any CPU
		{F94C4787-BDF5-45E7-B450-EADC943E153F}.Release|Any CPU.Build.0 = Release|Any CPU
	EndGlobalSection
	GlobalSection(SolutionProperties) = preSolution
		HideSolutionNode = FALSE
	EndGlobalSection
	GlobalSection(ExtensibilityGlobals) = postSolution
		SolutionGuid = {45F144A1-8CBC-4CD5-B023-6386568E5ED6}
	EndGlobalSection
EndGlobal
